
Microsoft Visual Studio Solution File, Format Version 12.00
# Visual Studio Version 16
VisualStudioVersion = 16.0.29926.136
MinimumVisualStudioVersion = 10.0.40219.1
Project("{FAE04EC0-301F-11D3-BF4B-00C04F79EFBC}") = "xmlVjezba", "xmlVjezba\xmlVjezba.csproj", "{397E1FF3-5FF0-48EF-AE53-FB4007F56154}"
EndProject
Global
	GlobalSection(SolutionConfigurationPlatforms) = preSolution
		Debug|Any CPU = Debug|Any CPU
		Release|Any CPU = Release|Any CPU
	EndGlobalSection
	GlobalSection(ProjectConfigurationPlatforms) = postSolution
		{397E1FF3-5FF0-48EF-AE53-FB4007F56154}.Debug|Any CPU.ActiveCfg = Debug|Any CPU
		{397E1FF3-5FF0-48EF-AE53-FB4007F56154}.Debug|Any CPU.Build.0 = Debug|Any CPU
		{397E1FF3-5FF0-48EF-AE53-FB4007F56154}.Release|Any CPU.ActiveCfg = Release|Any CPU
		{397E1FF3-5FF0-48EF-AE53-FB4007F56154}.Release|Any CPU.Build.0 = Release|Any CPU
	EndGlobalSection
	GlobalSection(SolutionProperties) = preSolution
		HideSolutionNode = FALSE
	EndGlobalSection
	GlobalSection(ExtensibilityGlobals) = postSolution
		SolutionGuid = {12A25B0A-D834-438A-A735-ADD20E782463}
	EndGlobalSection
EndGlobal
